
Microsoft Visual Studio Solution File, Format Version 12.00
# Visual Studio Version 16
VisualStudioVersion = 16.0.29806.167
MinimumVisualStudioVersion = 10.0.40219.1
Project("{8BC9CEB8-8B4A-11D0-8D11-00A0C91BC942}") = "One-Dimentional-KF", "One-Dimentional-KF.vcxproj", "{9516050B-0BED-46E2-BCBA-C8F20FE9FC67}"
EndProject
Global
	GlobalSection(SolutionConfigurationPlatforms) = preSolution
		Debug|x64 = Debug|x64
		Debug|x86 = Debug|x86
		Release|x64 = Release|x64
		Release|x86 = Release|x86
	EndGlobalSection
	GlobalSection(ProjectConfigurationPlatforms) = postSolution
		{9516050B-0BED-46E2-BCBA-C8F20FE9FC67}.Debug|x64.ActiveCfg = Debug|x64
		{9516050B-0BED-46E2-BCBA-C8F20FE9FC67}.Debug|x64.Build.0 = Debug|x64
		{9516050B-0BED-46E2-BCBA-C8F20FE9FC67}.Debug|x86.ActiveCfg = Debug|Win32
		{9516050B-0BED-46E2-BCBA-C8F20FE9FC67}.Debug|x86.Build.0 = Debug|Win32
		{9516050B-0BED-46E2-BCBA-C8F20FE9FC67}.Release|x64.ActiveCfg = Release|x64
		{9516050B-0BED-46E2-BCBA-C8F20FE9FC67}.Release|x64.Build.0 = Release|x64
		{9516050B-0BED-46E2-BCBA-C8F20FE9FC67}.Release|x86.ActiveCfg = Release|Win32
		{9516050B-0BED-46E2-BCBA-C8F20FE9FC67}.Release|x86.Build.0 = Release|Win32
	EndGlobalSection
	GlobalSection(SolutionProperties) = preSolution
		HideSolutionNode = FALSE
	EndGlobalSection
	GlobalSection(ExtensibilityGlobals) = postSolution
		SolutionGuid = {60C533D8-211C-4FBB-BAEC-722C71221902}
	EndGlobalSection
EndGlobal
