
Microsoft Visual Studio Solution File, Format Version 12.00
# Visual Studio Version 16
VisualStudioVersion = 16.0.29806.167
MinimumVisualStudioVersion = 10.0.40219.1
Project("{8BC9CEB8-8B4A-11D0-8D11-00A0C91BC942}") = "MonteCarloLocalization", "MonteCarloLocalization.vcxproj", "{513E23E6-666C-47B8-87C1-020D9338138F}"
EndProject
Global
	GlobalSection(SolutionConfigurationPlatforms) = preSolution
		Debug|x64 = Debug|x64
		Debug|x86 = Debug|x86
		Release|x64 = Release|x64
		Release|x86 = Release|x86
	EndGlobalSection
	GlobalSection(ProjectConfigurationPlatforms) = postSolution
		{513E23E6-666C-47B8-87C1-020D9338138F}.Debug|x64.ActiveCfg = Debug|x64
		{513E23E6-666C-47B8-87C1-020D9338138F}.Debug|x64.Build.0 = Debug|x64
		{513E23E6-666C-47B8-87C1-020D9338138F}.Debug|x86.ActiveCfg = Debug|Win32
		{513E23E6-666C-47B8-87C1-020D9338138F}.Debug|x86.Build.0 = Debug|Win32
		{513E23E6-666C-47B8-87C1-020D9338138F}.Release|x64.ActiveCfg = Release|x64
		{513E23E6-666C-47B8-87C1-020D9338138F}.Release|x64.Build.0 = Release|x64
		{513E23E6-666C-47B8-87C1-020D9338138F}.Release|x86.ActiveCfg = Release|Win32
		{513E23E6-666C-47B8-87C1-020D9338138F}.Release|x86.Build.0 = Release|Win32
	EndGlobalSection
	GlobalSection(SolutionProperties) = preSolution
		HideSolutionNode = FALSE
	EndGlobalSection
	GlobalSection(ExtensibilityGlobals) = postSolution
		SolutionGuid = {915D122B-F12B-457C-ABD6-89413F9E2EB7}
	EndGlobalSection
EndGlobal
